
Microsoft Visual Studio Solution File, Format Version 12.00
# Visual Studio Version 16
VisualStudioVersion = 16.0.31624.102
MinimumVisualStudioVersion = 10.0.40219.1
Project("{8BC9CEB8-8B4A-11D0-8D11-00A0C91BC942}") = "SimpleNerworkFramework", "SimpleNerworkFramework.vcxproj", "{981D6B20-C94F-437D-82EF-A23D7F7268CE}"
EndProject
Global
	GlobalSection(SolutionConfigurationPlatforms) = preSolution
		Debug|ARM = Debug|ARM
		Debug|ARM64 = Debug|ARM64
		Debug|x64 = Debug|x64
		Debug|x86 = Debug|x86
		Release|ARM = Release|ARM
		Release|ARM64 = Release|ARM64
		Release|x64 = Release|x64
		Release|x86 = Release|x86
	EndGlobalSection
	GlobalSection(ProjectConfigurationPlatforms) = postSolution
		{981D6B20-C94F-437D-82EF-A23D7F7268CE}.Debug|ARM.ActiveCfg = Debug|ARM
		{981D6B20-C94F-437D-82EF-A23D7F7268CE}.Debug|ARM.Build.0 = Debug|ARM
		{981D6B20-C94F-437D-82EF-A23D7F7268CE}.Debug|ARM.Deploy.0 = Debug|ARM
		{981D6B20-C94F-437D-82EF-A23D7F7268CE}.Debug|ARM64.ActiveCfg = Debug|ARM64
		{981D6B20-C94F-437D-82EF-A23D7F7268CE}.Debug|ARM64.Build.0 = Debug|ARM64
		{981D6B20-C94F-437D-82EF-A23D7F7268CE}.Debug|ARM64.Deploy.0 = Debug|ARM64
		{981D6B20-C94F-437D-82EF-A23D7F7268CE}.Debug|x64.ActiveCfg = Debug|x64
		{981D6B20-C94F-437D-82EF-A23D7F7268CE}.Debug|x64.Build.0 = Debug|x64
		{981D6B20-C94F-437D-82EF-A23D7F7268CE}.Debug|x64.Deploy.0 = Debug|x64
		{981D6B20-C94F-437D-82EF-A23D7F7268CE}.Debug|x86.ActiveCfg = Debug|x86
		{981D6B20-C94F-437D-82EF-A23D7F7268CE}.Debug|x86.Build.0 = Debug|x86
		{981D6B20-C94F-437D-82EF-A23D7F7268CE}.Debug|x86.Deploy.0 = Debug|x86
		{981D6B20-C94F-437D-82EF-A23D7F7268CE}.Release|ARM.ActiveCfg = Release|ARM
		{981D6B20-C94F-437D-82EF-A23D7F7268CE}.Release|ARM.Build.0 = Release|ARM
		{981D6B20-C94F-437D-82EF-A23D7F7268CE}.Release|ARM.Deploy.0 = Release|ARM
		{981D6B20-C94F-437D-82EF-A23D7F7268CE}.Release|ARM64.ActiveCfg = Release|ARM64
		{981D6B20-C94F-437D-82EF-A23D7F7268CE}.Release|ARM64.Build.0 = Release|ARM64
		{981D6B20-C94F-437D-82EF-A23D7F7268CE}.Release|ARM64.Deploy.0 = Release|ARM64
		{981D6B20-C94F-437D-82EF-A23D7F7268CE}.Release|x64.ActiveCfg = Release|x64
		{981D6B20-C94F-437D-82EF-A23D7F7268CE}.Release|x64.Build.0 = Release|x64
		{981D6B20-C94F-437D-82EF-A23D7F7268CE}.Release|x64.Deploy.0 = Release|x64
		{981D6B20-C94F-437D-82EF-A23D7F7268CE}.Release|x86.ActiveCfg = Release|x86
		{981D6B20-C94F-437D-82EF-A23D7F7268CE}.Release|x86.Build.0 = Release|x86
		{981D6B20-C94F-437D-82EF-A23D7F7268CE}.Release|x86.Deploy.0 = Release|x86
	EndGlobalSection
	GlobalSection(SolutionProperties) = preSolution
		HideSolutionNode = FALSE
	EndGlobalSection
	GlobalSection(ExtensibilityGlobals) = postSolution
		SolutionGuid = {FB37FDBD-011E-4A38-BA92-200EAA6770F8}
	EndGlobalSection
EndGlobal
